
Microsoft Visual Studio Solution File, Format Version 12.00
# Visual Studio Version 17
VisualStudioVersion = 17.8.34330.188
MinimumVisualStudioVersion = 10.0.40219.1
Project("{FAE04EC0-301F-11D3-BF4B-00C04F79EFBC}") = "Bank.Account.Api", "Bank.Account.Api\Bank.Account.Api.csproj", "{545C0580-0867-4779-86DA-142B912911D2}"
EndProject
Project("{FAE04EC0-301F-11D3-BF4B-00C04F79EFBC}") = "Bank.Account.Domain", "Bank.Account.Domain\Bank.Account.Domain.csproj", "{29915751-8029-4278-9905-BA55430799CE}"
EndProject
Project("{FAE04EC0-301F-11D3-BF4B-00C04F79EFBC}") = "Bank.Account.Application", "Bank.Account.Application\Bank.Account.Application.csproj", "{140A2E41-E056-4910-A769-799FDEBBE7DE}"
EndProject
Project("{FAE04EC0-301F-11D3-BF4B-00C04F79EFBC}") = "Bank.Account.Infrastructure", "Bank.Account.Infrastructure\Bank.Account.Infrastructure.csproj", "{8A097C1D-ECDF-4809-8969-380DE4CD852E}"
EndProject
Global
	GlobalSection(SolutionConfigurationPlatforms) = preSolution
		Debug|Any CPU = Debug|Any CPU
		Release|Any CPU = Release|Any CPU
	EndGlobalSection
	GlobalSection(ProjectConfigurationPlatforms) = postSolution
		{545C0580-0867-4779-86DA-142B912911D2}.Debug|Any CPU.ActiveCfg = Debug|Any CPU
		{545C0580-0867-4779-86DA-142B912911D2}.Debug|Any CPU.Build.0 = Debug|Any CPU
		{545C0580-0867-4779-86DA-142B912911D2}.Release|Any CPU.ActiveCfg = Release|Any CPU
		{545C0580-0867-4779-86DA-142B912911D2}.Release|Any CPU.Build.0 = Release|Any CPU
		{29915751-8029-4278-9905-BA55430799CE}.Debug|Any CPU.ActiveCfg = Debug|Any CPU
		{29915751-8029-4278-9905-BA55430799CE}.Debug|Any CPU.Build.0 = Debug|Any CPU
		{29915751-8029-4278-9905-BA55430799CE}.Release|Any CPU.ActiveCfg = Release|Any CPU
		{29915751-8029-4278-9905-BA55430799CE}.Release|Any CPU.Build.0 = Release|Any CPU
		{140A2E41-E056-4910-A769-799FDEBBE7DE}.Debug|Any CPU.ActiveCfg = Debug|Any CPU
		{140A2E41-E056-4910-A769-799FDEBBE7DE}.Debug|Any CPU.Build.0 = Debug|Any CPU
		{140A2E41-E056-4910-A769-799FDEBBE7DE}.Release|Any CPU.ActiveCfg = Release|Any CPU
		{140A2E41-E056-4910-A769-799FDEBBE7DE}.Release|Any CPU.Build.0 = Release|Any CPU
		{8A097C1D-ECDF-4809-8969-380DE4CD852E}.Debug|Any CPU.ActiveCfg = Debug|Any CPU
		{8A097C1D-ECDF-4809-8969-380DE4CD852E}.Debug|Any CPU.Build.0 = Debug|Any CPU
		{8A097C1D-ECDF-4809-8969-380DE4CD852E}.Release|Any CPU.ActiveCfg = Release|Any CPU
		{8A097C1D-ECDF-4809-8969-380DE4CD852E}.Release|Any CPU.Build.0 = Release|Any CPU
	EndGlobalSection
	GlobalSection(SolutionProperties) = preSolution
		HideSolutionNode = FALSE
	EndGlobalSection
	GlobalSection(ExtensibilityGlobals) = postSolution
		SolutionGuid = {8105584E-85FA-4FEF-9CC3-45FDABF31B6A}
	EndGlobalSection
EndGlobal
