
Microsoft Visual Studio Solution File, Format Version 12.00
# Visual Studio Version 17
VisualStudioVersion = 17.8.34330.188
MinimumVisualStudioVersion = 10.0.40219.1
Project("{9A19103F-16F7-4668-BE54-9A1E7A4F7556}") = "Bank.Balance.Api", "Bank.Balance.Api\Bank.Balance.Api.csproj", "{A2ED2202-370C-4BE8-98B2-7658F17207C0}"
EndProject
Project("{9A19103F-16F7-4668-BE54-9A1E7A4F7556}") = "Bank.Balance.Domain", "Bank.Balance.Domain\Bank.Balance.Domain.csproj", "{B58DB352-0337-4B70-9973-BBFE25372B2B}"
EndProject
Project("{9A19103F-16F7-4668-BE54-9A1E7A4F7556}") = "Bank.Balance.Application", "Bank.Balance.Application\Bank.Balance.Application.csproj", "{A37F1733-7250-4498-92D9-F8AA1ACB59F6}"
EndProject
Project("{9A19103F-16F7-4668-BE54-9A1E7A4F7556}") = "Bank.Balance.Infrastructure", "Bank.Balance.Infrastructure\Bank.Balance.Infrastructure.csproj", "{77B0B473-05AC-4C06-8480-8E624EBF4868}"
EndProject
Project("{FAE04EC0-301F-11D3-BF4B-00C04F79EFBC}") = "Bank.Balance.Contract", "Bank.Balance.Contract\Bank.Balance.Contract.csproj", "{51AF3A42-81D4-4E37-85B0-4299C3E9D758}"
EndProject
Global
	GlobalSection(SolutionConfigurationPlatforms) = preSolution
		Debug|Any CPU = Debug|Any CPU
		Release|Any CPU = Release|Any CPU
	EndGlobalSection
	GlobalSection(ProjectConfigurationPlatforms) = postSolution
		{A2ED2202-370C-4BE8-98B2-7658F17207C0}.Debug|Any CPU.ActiveCfg = Debug|Any CPU
		{A2ED2202-370C-4BE8-98B2-7658F17207C0}.Debug|Any CPU.Build.0 = Debug|Any CPU
		{A2ED2202-370C-4BE8-98B2-7658F17207C0}.Release|Any CPU.ActiveCfg = Release|Any CPU
		{A2ED2202-370C-4BE8-98B2-7658F17207C0}.Release|Any CPU.Build.0 = Release|Any CPU
		{B58DB352-0337-4B70-9973-BBFE25372B2B}.Debug|Any CPU.ActiveCfg = Debug|Any CPU
		{B58DB352-0337-4B70-9973-BBFE25372B2B}.Debug|Any CPU.Build.0 = Debug|Any CPU
		{B58DB352-0337-4B70-9973-BBFE25372B2B}.Release|Any CPU.ActiveCfg = Release|Any CPU
		{B58DB352-0337-4B70-9973-BBFE25372B2B}.Release|Any CPU.Build.0 = Release|Any CPU
		{A37F1733-7250-4498-92D9-F8AA1ACB59F6}.Debug|Any CPU.ActiveCfg = Debug|Any CPU
		{A37F1733-7250-4498-92D9-F8AA1ACB59F6}.Debug|Any CPU.Build.0 = Debug|Any CPU
		{A37F1733-7250-4498-92D9-F8AA1ACB59F6}.Release|Any CPU.ActiveCfg = Release|Any CPU
		{A37F1733-7250-4498-92D9-F8AA1ACB59F6}.Release|Any CPU.Build.0 = Release|Any CPU
		{77B0B473-05AC-4C06-8480-8E624EBF4868}.Debug|Any CPU.ActiveCfg = Debug|Any CPU
		{77B0B473-05AC-4C06-8480-8E624EBF4868}.Debug|Any CPU.Build.0 = Debug|Any CPU
		{77B0B473-05AC-4C06-8480-8E624EBF4868}.Release|Any CPU.ActiveCfg = Release|Any CPU
		{77B0B473-05AC-4C06-8480-8E624EBF4868}.Release|Any CPU.Build.0 = Release|Any CPU
		{51AF3A42-81D4-4E37-85B0-4299C3E9D758}.Debug|Any CPU.ActiveCfg = Debug|Any CPU
		{51AF3A42-81D4-4E37-85B0-4299C3E9D758}.Debug|Any CPU.Build.0 = Debug|Any CPU
		{51AF3A42-81D4-4E37-85B0-4299C3E9D758}.Release|Any CPU.ActiveCfg = Release|Any CPU
		{51AF3A42-81D4-4E37-85B0-4299C3E9D758}.Release|Any CPU.Build.0 = Release|Any CPU
	EndGlobalSection
	GlobalSection(SolutionProperties) = preSolution
		HideSolutionNode = FALSE
	EndGlobalSection
	GlobalSection(ExtensibilityGlobals) = postSolution
		SolutionGuid = {8D78365D-4E22-4DC1-8306-6999598C2073}
	EndGlobalSection
EndGlobal
