
Microsoft Visual Studio Solution File, Format Version 12.00
# Visual Studio Version 17
VisualStudioVersion = 17.8.34330.188
MinimumVisualStudioVersion = 10.0.40219.1
Project("{9A19103F-16F7-4668-BE54-9A1E7A4F7556}") = "Auth.Api", "Auth.Api\Auth.Api.csproj", "{3363F15C-8F19-45BE-9611-9CA0FE723026}"
EndProject
Project("{9A19103F-16F7-4668-BE54-9A1E7A4F7556}") = "Auth.Domain", "Auth.Domain\Auth.Domain.csproj", "{F8C8E75D-1808-4C4F-AD6A-BD9D5B7810BD}"
EndProject
Project("{9A19103F-16F7-4668-BE54-9A1E7A4F7556}") = "Auth.Application", "Auth.Application\Auth.Application.csproj", "{5FD99DB5-8D40-4DFD-BF1A-BDB313098423}"
EndProject
Project("{9A19103F-16F7-4668-BE54-9A1E7A4F7556}") = "Auth.Infrastructure", "Auth.Infrastructure\Auth.Infrastructure.csproj", "{9A774029-55EB-4A22-996E-B6209200640B}"
EndProject
Project("{FAE04EC0-301F-11D3-BF4B-00C04F79EFBC}") = "Auth.Configuration", "Auth.Configuration\Auth.Configuration.csproj", "{5CBC0E6A-0B56-4335-9559-2CE9F6B6777B}"
EndProject
Global
	GlobalSection(SolutionConfigurationPlatforms) = preSolution
		Debug|Any CPU = Debug|Any CPU
		Release|Any CPU = Release|Any CPU
	EndGlobalSection
	GlobalSection(ProjectConfigurationPlatforms) = postSolution
		{3363F15C-8F19-45BE-9611-9CA0FE723026}.Debug|Any CPU.ActiveCfg = Debug|Any CPU
		{3363F15C-8F19-45BE-9611-9CA0FE723026}.Debug|Any CPU.Build.0 = Debug|Any CPU
		{3363F15C-8F19-45BE-9611-9CA0FE723026}.Release|Any CPU.ActiveCfg = Release|Any CPU
		{3363F15C-8F19-45BE-9611-9CA0FE723026}.Release|Any CPU.Build.0 = Release|Any CPU
		{F8C8E75D-1808-4C4F-AD6A-BD9D5B7810BD}.Debug|Any CPU.ActiveCfg = Debug|Any CPU
		{F8C8E75D-1808-4C4F-AD6A-BD9D5B7810BD}.Debug|Any CPU.Build.0 = Debug|Any CPU
		{F8C8E75D-1808-4C4F-AD6A-BD9D5B7810BD}.Release|Any CPU.ActiveCfg = Release|Any CPU
		{F8C8E75D-1808-4C4F-AD6A-BD9D5B7810BD}.Release|Any CPU.Build.0 = Release|Any CPU
		{5FD99DB5-8D40-4DFD-BF1A-BDB313098423}.Debug|Any CPU.ActiveCfg = Debug|Any CPU
		{5FD99DB5-8D40-4DFD-BF1A-BDB313098423}.Debug|Any CPU.Build.0 = Debug|Any CPU
		{5FD99DB5-8D40-4DFD-BF1A-BDB313098423}.Release|Any CPU.ActiveCfg = Release|Any CPU
		{5FD99DB5-8D40-4DFD-BF1A-BDB313098423}.Release|Any CPU.Build.0 = Release|Any CPU
		{9A774029-55EB-4A22-996E-B6209200640B}.Debug|Any CPU.ActiveCfg = Debug|Any CPU
		{9A774029-55EB-4A22-996E-B6209200640B}.Debug|Any CPU.Build.0 = Debug|Any CPU
		{9A774029-55EB-4A22-996E-B6209200640B}.Release|Any CPU.ActiveCfg = Release|Any CPU
		{9A774029-55EB-4A22-996E-B6209200640B}.Release|Any CPU.Build.0 = Release|Any CPU
		{5CBC0E6A-0B56-4335-9559-2CE9F6B6777B}.Debug|Any CPU.ActiveCfg = Debug|Any CPU
		{5CBC0E6A-0B56-4335-9559-2CE9F6B6777B}.Debug|Any CPU.Build.0 = Debug|Any CPU
		{5CBC0E6A-0B56-4335-9559-2CE9F6B6777B}.Release|Any CPU.ActiveCfg = Release|Any CPU
		{5CBC0E6A-0B56-4335-9559-2CE9F6B6777B}.Release|Any CPU.Build.0 = Release|Any CPU
	EndGlobalSection
	GlobalSection(SolutionProperties) = preSolution
		HideSolutionNode = FALSE
	EndGlobalSection
	GlobalSection(ExtensibilityGlobals) = postSolution
		SolutionGuid = {6701E988-DD6F-48BB-8256-AC4DA96BD9E4}
	EndGlobalSection
EndGlobal
